
Microsoft Visual Studio Solution File, Format Version 12.00
# Visual Studio Version 17
VisualStudioVersion = 17.5.002.0
MinimumVisualStudioVersion = 10.0.40219.1
Project("{9A19103F-16F7-4668-BE54-9A1E7A4F7556}") = "PascalCompiler", "PascalCompiler.csproj", "{22637816-4F41-425A-AF82-61988CBAB818}"
EndProject
Global
	GlobalSection(SolutionConfigurationPlatforms) = preSolution
		Debug|Any CPU = Debug|Any CPU
		Release|Any CPU = Release|Any CPU
	EndGlobalSection
	GlobalSection(ProjectConfigurationPlatforms) = postSolution
		{22637816-4F41-425A-AF82-61988CBAB818}.Debug|Any CPU.ActiveCfg = Debug|Any CPU
		{22637816-4F41-425A-AF82-61988CBAB818}.Debug|Any CPU.Build.0 = Debug|Any CPU
		{22637816-4F41-425A-AF82-61988CBAB818}.Release|Any CPU.ActiveCfg = Release|Any CPU
		{22637816-4F41-425A-AF82-61988CBAB818}.Release|Any CPU.Build.0 = Release|Any CPU
	EndGlobalSection
	GlobalSection(SolutionProperties) = preSolution
		HideSolutionNode = FALSE
	EndGlobalSection
	GlobalSection(ExtensibilityGlobals) = postSolution
		SolutionGuid = {9EF38C60-82DB-4AB0-9A3E-5381911B1F7B}
	EndGlobalSection
EndGlobal
